
Microsoft Visual Studio Solution File, Format Version 12.00
# Visual Studio Version 17
VisualStudioVersion = 17.13.35913.81 d17.13
MinimumVisualStudioVersion = 10.0.40219.1
Project("{FAE04EC0-301F-11D3-BF4B-00C04F79EFBC}") = "RatGang.Server.Application", "RatGang.Server.Application\RatGang.Server.Application.csproj", "{71800029-C518-40DC-9D6D-BBD9ED392AD1}"
EndProject
Project("{FAE04EC0-301F-11D3-BF4B-00C04F79EFBC}") = "RatGang.Server.Users", "RatGang.Server.Users\RatGang.Server.Users.csproj", "{767E714F-9AFD-498D-BE47-ABB93275F4A9}"
EndProject
Project("{FAE04EC0-301F-11D3-BF4B-00C04F79EFBC}") = "RatGang.Server.Tasks", "RatGang.Server.Tasks\RatGang.Server.Tasks.csproj", "{8810A882-3982-4A6E-BF56-9814273C4424}"
EndProject
Project("{FAE04EC0-301F-11D3-BF4B-00C04F79EFBC}") = "RatGang.Server.Authentication", "RatGang.Server.Authentication\RatGang.Server.Authentication.csproj", "{636EE07C-D58F-4F45-8FAA-E92814308E17}"
EndProject
Global
	GlobalSection(SolutionConfigurationPlatforms) = preSolution
		Debug|Any CPU = Debug|Any CPU
		Release|Any CPU = Release|Any CPU
	EndGlobalSection
	GlobalSection(ProjectConfigurationPlatforms) = postSolution
		{71800029-C518-40DC-9D6D-BBD9ED392AD1}.Debug|Any CPU.ActiveCfg = Debug|Any CPU
		{71800029-C518-40DC-9D6D-BBD9ED392AD1}.Debug|Any CPU.Build.0 = Debug|Any CPU
		{71800029-C518-40DC-9D6D-BBD9ED392AD1}.Release|Any CPU.ActiveCfg = Release|Any CPU
		{71800029-C518-40DC-9D6D-BBD9ED392AD1}.Release|Any CPU.Build.0 = Release|Any CPU
		{767E714F-9AFD-498D-BE47-ABB93275F4A9}.Debug|Any CPU.ActiveCfg = Debug|Any CPU
		{767E714F-9AFD-498D-BE47-ABB93275F4A9}.Debug|Any CPU.Build.0 = Debug|Any CPU
		{767E714F-9AFD-498D-BE47-ABB93275F4A9}.Release|Any CPU.ActiveCfg = Release|Any CPU
		{767E714F-9AFD-498D-BE47-ABB93275F4A9}.Release|Any CPU.Build.0 = Release|Any CPU
		{8810A882-3982-4A6E-BF56-9814273C4424}.Debug|Any CPU.ActiveCfg = Debug|Any CPU
		{8810A882-3982-4A6E-BF56-9814273C4424}.Debug|Any CPU.Build.0 = Debug|Any CPU
		{8810A882-3982-4A6E-BF56-9814273C4424}.Release|Any CPU.ActiveCfg = Release|Any CPU
		{8810A882-3982-4A6E-BF56-9814273C4424}.Release|Any CPU.Build.0 = Release|Any CPU
		{636EE07C-D58F-4F45-8FAA-E92814308E17}.Debug|Any CPU.ActiveCfg = Debug|Any CPU
		{636EE07C-D58F-4F45-8FAA-E92814308E17}.Debug|Any CPU.Build.0 = Debug|Any CPU
		{636EE07C-D58F-4F45-8FAA-E92814308E17}.Release|Any CPU.ActiveCfg = Release|Any CPU
		{636EE07C-D58F-4F45-8FAA-E92814308E17}.Release|Any CPU.Build.0 = Release|Any CPU
	EndGlobalSection
	GlobalSection(SolutionProperties) = preSolution
		HideSolutionNode = FALSE
	EndGlobalSection
	GlobalSection(ExtensibilityGlobals) = postSolution
		SolutionGuid = {096CD026-FC87-4ED2-A40C-F8A8B070BD03}
	EndGlobalSection
EndGlobal
